// !$*UTF8*$!
{
	archiveVersion = 1;
	classes = {
	};
	objectVersion = 55;
	objects = {

/* Begin PBXBuildFile section */
		520131F82924A508000A09CE /* StatusPageViewController.swift in Sources */ = {isa = PBXBuildFile; fileRef = 520131F72924A508000A09CE /* StatusPageViewController.swift */; };
		520131FB2924A572000A09CE /* CellForStatusPage.swift in Sources */ = {isa = PBXBuildFile; fileRef = 520131F92924A572000A09CE /* CellForStatusPage.swift */; };
		520131FC2924A572000A09CE /* CellForStatusPage.xib in Resources */ = {isa = PBXBuildFile; fileRef = 520131FA2924A572000A09CE /* CellForStatusPage.xib */; };
		520131FF2924A7D3000A09CE /* ModelForStatusPage.swift in Sources */ = {isa = PBXBuildFile; fileRef = 520131FE2924A7D3000A09CE /* ModelForStatusPage.swift */; };
		520132062924D887000A09CE /* DashCornerView.swift in Sources */ = {isa = PBXBuildFile; fileRef = 520132052924D887000A09CE /* DashCornerView.swift */; };
		5201320C2924E1B5000A09CE /* SettingsPageViewController.swift in Sources */ = {isa = PBXBuildFile; fileRef = 5201320B2924E1B5000A09CE /* SettingsPageViewController.swift */; };
		5201320F2924E213000A09CE /* CellForSettingsPage.swift in Sources */ = {isa = PBXBuildFile; fileRef = 5201320D2924E213000A09CE /* CellForSettingsPage.swift */; };
		520132102924E213000A09CE /* CellForSettingsPage.xib in Resources */ = {isa = PBXBuildFile; fileRef = 5201320E2924E213000A09CE /* CellForSettingsPage.xib */; };
		520132122924E38A000A09CE /* ModelForSettingsPage.swift in Sources */ = {isa = PBXBuildFile; fileRef = 520132112924E38A000A09CE /* ModelForSettingsPage.swift */; };
		520132192924E813000A09CE /* CallsPageViewController.swift in Sources */ = {isa = PBXBuildFile; fileRef = 520132182924E813000A09CE /* CallsPageViewController.swift */; };
		5201321C2924E869000A09CE /* CellForCallsPage.swift in Sources */ = {isa = PBXBuildFile; fileRef = 5201321A2924E869000A09CE /* CellForCallsPage.swift */; };
		5201321D2924E869000A09CE /* CellForCallsPage.xib in Resources */ = {isa = PBXBuildFile; fileRef = 5201321B2924E869000A09CE /* CellForCallsPage.xib */; };
		5201321F2924EB64000A09CE /* ModelForCallsPage.swift in Sources */ = {isa = PBXBuildFile; fileRef = 5201321E2924EB64000A09CE /* ModelForCallsPage.swift */; };
		520132232924FA16000A09CE /* SearchContactViewController.swift in Sources */ = {isa = PBXBuildFile; fileRef = 520132222924FA16000A09CE /* SearchContactViewController.swift */; };
		5201322A2924FB4A000A09CE /* CellForSearchContact.swift in Sources */ = {isa = PBXBuildFile; fileRef = 520132282924FB4A000A09CE /* CellForSearchContact.swift */; };
		5201322B2924FB4A000A09CE /* CellForSearchContact.xib in Resources */ = {isa = PBXBuildFile; fileRef = 520132292924FB4A000A09CE /* CellForSearchContact.xib */; };
		5201322D2924FCD3000A09CE /* ModelForSearchContact.swift in Sources */ = {isa = PBXBuildFile; fileRef = 5201322C2924FCD3000A09CE /* ModelForSearchContact.swift */; };
		52486D942923890B0062AA52 /* AppDelegate.swift in Sources */ = {isa = PBXBuildFile; fileRef = 52486D932923890B0062AA52 /* AppDelegate.swift */; };
		52486D962923890B0062AA52 /* SceneDelegate.swift in Sources */ = {isa = PBXBuildFile; fileRef = 52486D952923890B0062AA52 /* SceneDelegate.swift */; };
		52486D982923890B0062AA52 /* ViewController.swift in Sources */ = {isa = PBXBuildFile; fileRef = 52486D972923890B0062AA52 /* ViewController.swift */; };
		52486D9B2923890B0062AA52 /* Main.storyboard in Resources */ = {isa = PBXBuildFile; fileRef = 52486D992923890B0062AA52 /* Main.storyboard */; };
		52486DA02923890C0062AA52 /* LaunchScreen.storyboard in Resources */ = {isa = PBXBuildFile; fileRef = 52486D9E2923890C0062AA52 /* LaunchScreen.storyboard */; };
		52486DAC292389780062AA52 /* Poppins-SemiBold.ttf in Resources */ = {isa = PBXBuildFile; fileRef = 52486DA9292389780062AA52 /* Poppins-SemiBold.ttf */; };
		52486DAD292389780062AA52 /* Poppins-Medium.ttf in Resources */ = {isa = PBXBuildFile; fileRef = 52486DAA292389780062AA52 /* Poppins-Medium.ttf */; };
		52486DAE292389780062AA52 /* Poppins-Regular.ttf in Resources */ = {isa = PBXBuildFile; fileRef = 52486DAB292389780062AA52 /* Poppins-Regular.ttf */; };
		52486DB729238A220062AA52 /* Constants.swift in Sources */ = {isa = PBXBuildFile; fileRef = 52486DB629238A220062AA52 /* Constants.swift */; };
		52486DBC292391D30062AA52 /* CustomButton.swift in Sources */ = {isa = PBXBuildFile; fileRef = 52486DBB292391D30062AA52 /* CustomButton.swift */; };
		52486DBF292394280062AA52 /* RegistrationStoryboard.storyboard in Resources */ = {isa = PBXBuildFile; fileRef = 52486DBE292394280062AA52 /* RegistrationStoryboard.storyboard */; };
		52486DC2292394A30062AA52 /* PhoneVerificationViewController.swift in Sources */ = {isa = PBXBuildFile; fileRef = 52486DC1292394A30062AA52 /* PhoneVerificationViewController.swift */; };
		52486DC4292395E50062AA52 /* CustomView.swift in Sources */ = {isa = PBXBuildFile; fileRef = 52486DC3292395E50062AA52 /* CustomView.swift */; };
		52486DC6292398460062AA52 /* CustomTextField.swift in Sources */ = {isa = PBXBuildFile; fileRef = 52486DC5292398460062AA52 /* CustomTextField.swift */; };
		52486DC92923A0090062AA52 /* VerifyYourselfViewController.swift in Sources */ = {isa = PBXBuildFile; fileRef = 52486DC82923A0090062AA52 /* VerifyYourselfViewController.swift */; };
		526233DA292602A8002D5C24 /* ChatPageStoryboard.storyboard in Resources */ = {isa = PBXBuildFile; fileRef = 526233D9292602A8002D5C24 /* ChatPageStoryboard.storyboard */; };
		526233DD292602E0002D5C24 /* ChatPageViewController.swift in Sources */ = {isa = PBXBuildFile; fileRef = 526233DC292602E0002D5C24 /* ChatPageViewController.swift */; };
		526233E129260A65002D5C24 /* CellForChats.swift in Sources */ = {isa = PBXBuildFile; fileRef = 526233DF29260A65002D5C24 /* CellForChats.swift */; };
		526233E229260A65002D5C24 /* CellForChats.xib in Resources */ = {isa = PBXBuildFile; fileRef = 526233E029260A65002D5C24 /* CellForChats.xib */; };
		526233E429260CBB002D5C24 /* ModelForChats.swift in Sources */ = {isa = PBXBuildFile; fileRef = 526233E329260CBB002D5C24 /* ModelForChats.swift */; };
		526E3D1C2923A5740009CC77 /* Assets.xcassets in Resources */ = {isa = PBXBuildFile; fileRef = 526E3D1B2923A5740009CC77 /* Assets.xcassets */; };
		526E3D1F2923ACE80009CC77 /* MainStoryboard.storyboard in Resources */ = {isa = PBXBuildFile; fileRef = 526E3D1E2923ACE80009CC77 /* MainStoryboard.storyboard */; };
		526E3D212923AEFA0009CC77 /* MainTabBarController.swift in Sources */ = {isa = PBXBuildFile; fileRef = 526E3D202923AEFA0009CC77 /* MainTabBarController.swift */; };
		526E3D292923B3980009CC77 /* CellForMessagesPage.swift in Sources */ = {isa = PBXBuildFile; fileRef = 526E3D272923B3980009CC77 /* CellForMessagesPage.swift */; };
		526E3D2A2923B3980009CC77 /* CellForMessagesPage.xib in Resources */ = {isa = PBXBuildFile; fileRef = 526E3D282923B3980009CC77 /* CellForMessagesPage.xib */; };
		526E3D2C2923B8B30009CC77 /* ModelForMessages.swift in Sources */ = {isa = PBXBuildFile; fileRef = 526E3D2B2923B8B30009CC77 /* ModelForMessages.swift */; };
		526E3D2E2923BB320009CC77 /* MessagesPageViewController.swift in Sources */ = {isa = PBXBuildFile; fileRef = 526E3D2D2923BB320009CC77 /* MessagesPageViewController.swift */; };
/* End PBXBuildFile section */

/* Begin PBXFileReference section */
		520131F72924A508000A09CE /* StatusPageViewController.swift */ = {isa = PBXFileReference; lastKnownFileType = sourcecode.swift; path = StatusPageViewController.swift; sourceTree = "<group>"; };
		520131F92924A572000A09CE /* CellForStatusPage.swift */ = {isa = PBXFileReference; lastKnownFileType = sourcecode.swift; path = CellForStatusPage.swift; sourceTree = "<group>"; };
		520131FA2924A572000A09CE /* CellForStatusPage.xib */ = {isa = PBXFileReference; lastKnownFileType = file.xib; path = CellForStatusPage.xib; sourceTree = "<group>"; };
		520131FE2924A7D3000A09CE /* ModelForStatusPage.swift */ = {isa = PBXFileReference; lastKnownFileType = sourcecode.swift; path = ModelForStatusPage.swift; sourceTree = "<group>"; };
		520132052924D887000A09CE /* DashCornerView.swift */ = {isa = PBXFileReference; lastKnownFileType = sourcecode.swift; path = DashCornerView.swift; sourceTree = "<group>"; };
		5201320B2924E1B5000A09CE /* SettingsPageViewController.swift */ = {isa = PBXFileReference; lastKnownFileType = sourcecode.swift; path = SettingsPageViewController.swift; sourceTree = "<group>"; };
		5201320D2924E213000A09CE /* CellForSettingsPage.swift */ = {isa = PBXFileReference; lastKnownFileType = sourcecode.swift; path = CellForSettingsPage.swift; sourceTree = "<group>"; };
		5201320E2924E213000A09CE /* CellForSettingsPage.xib */ = {isa = PBXFileReference; lastKnownFileType = file.xib; path = CellForSettingsPage.xib; sourceTree = "<group>"; };
		520132112924E38A000A09CE /* ModelForSettingsPage.swift */ = {isa = PBXFileReference; lastKnownFileType = sourcecode.swift; path = ModelForSettingsPage.swift; sourceTree = "<group>"; };
		520132182924E813000A09CE /* CallsPageViewController.swift */ = {isa = PBXFileReference; lastKnownFileType = sourcecode.swift; path = CallsPageViewController.swift; sourceTree = "<group>"; };
		5201321A2924E869000A09CE /* CellForCallsPage.swift */ = {isa = PBXFileReference; lastKnownFileType = sourcecode.swift; path = CellForCallsPage.swift; sourceTree = "<group>"; };
		5201321B2924E869000A09CE /* CellForCallsPage.xib */ = {isa = PBXFileReference; lastKnownFileType = file.xib; path = CellForCallsPage.xib; sourceTree = "<group>"; };
		5201321E2924EB64000A09CE /* ModelForCallsPage.swift */ = {isa = PBXFileReference; lastKnownFileType = sourcecode.swift; path = ModelForCallsPage.swift; sourceTree = "<group>"; };
		520132222924FA16000A09CE /* SearchContactViewController.swift */ = {isa = PBXFileReference; lastKnownFileType = sourcecode.swift; path = SearchContactViewController.swift; sourceTree = "<group>"; };
		520132282924FB4A000A09CE /* CellForSearchContact.swift */ = {isa = PBXFileReference; lastKnownFileType = sourcecode.swift; path = CellForSearchContact.swift; sourceTree = "<group>"; };
		520132292924FB4A000A09CE /* CellForSearchContact.xib */ = {isa = PBXFileReference; lastKnownFileType = file.xib; path = CellForSearchContact.xib; sourceTree = "<group>"; };
		5201322C2924FCD3000A09CE /* ModelForSearchContact.swift */ = {isa = PBXFileReference; lastKnownFileType = sourcecode.swift; path = ModelForSearchContact.swift; sourceTree = "<group>"; };
		52486D902923890B0062AA52 /* Plato.app */ = {isa = PBXFileReference; explicitFileType = wrapper.application; includeInIndex = 0; path = Plato.app; sourceTree = BUILT_PRODUCTS_DIR; };
		52486D932923890B0062AA52 /* AppDelegate.swift */ = {isa = PBXFileReference; lastKnownFileType = sourcecode.swift; path = AppDelegate.swift; sourceTree = "<group>"; };
		52486D952923890B0062AA52 /* SceneDelegate.swift */ = {isa = PBXFileReference; lastKnownFileType = sourcecode.swift; path = SceneDelegate.swift; sourceTree = "<group>"; };
		52486D972923890B0062AA52 /* ViewController.swift */ = {isa = PBXFileReference; lastKnownFileType = sourcecode.swift; path = ViewController.swift; sourceTree = "<group>"; };
		52486D9A2923890B0062AA52 /* Base */ = {isa = PBXFileReference; lastKnownFileType = file.storyboard; name = Base; path = Base.lproj/Main.storyboard; sourceTree = "<group>"; };
		52486D9F2923890C0062AA52 /* Base */ = {isa = PBXFileReference; lastKnownFileType = file.storyboard; name = Base; path = Base.lproj/LaunchScreen.storyboard; sourceTree = "<group>"; };
		52486DA12923890C0062AA52 /* Info.plist */ = {isa = PBXFileReference; lastKnownFileType = text.plist.xml; path = Info.plist; sourceTree = "<group>"; };
		52486DA9292389780062AA52 /* Poppins-SemiBold.ttf */ = {isa = PBXFileReference; lastKnownFileType = file; path = "Poppins-SemiBold.ttf"; sourceTree = "<group>"; };
		52486DAA292389780062AA52 /* Poppins-Medium.ttf */ = {isa = PBXFileReference; lastKnownFileType = file; path = "Poppins-Medium.ttf"; sourceTree = "<group>"; };
		52486DAB292389780062AA52 /* Poppins-Regular.ttf */ = {isa = PBXFileReference; lastKnownFileType = file; path = "Poppins-Regular.ttf"; sourceTree = "<group>"; };
		52486DB629238A220062AA52 /* Constants.swift */ = {isa = PBXFileReference; lastKnownFileType = sourcecode.swift; path = Constants.swift; sourceTree = "<group>"; };
		52486DBB292391D30062AA52 /* CustomButton.swift */ = {isa = PBXFileReference; lastKnownFileType = sourcecode.swift; path = CustomButton.swift; sourceTree = "<group>"; };
		52486DBE292394280062AA52 /* RegistrationStoryboard.storyboard */ = {isa = PBXFileReference; lastKnownFileType = file.storyboard; path = RegistrationStoryboard.storyboard; sourceTree = "<group>"; };
		52486DC1292394A30062AA52 /* PhoneVerificationViewController.swift */ = {isa = PBXFileReference; lastKnownFileType = sourcecode.swift; path = PhoneVerificationViewController.swift; sourceTree = "<group>"; };
		52486DC3292395E50062AA52 /* CustomView.swift */ = {isa = PBXFileReference; lastKnownFileType = sourcecode.swift; path = CustomView.swift; sourceTree = "<group>"; };
		52486DC5292398460062AA52 /* CustomTextField.swift */ = {isa = PBXFileReference; lastKnownFileType = sourcecode.swift; path = CustomTextField.swift; sourceTree = "<group>"; };
		52486DC82923A0090062AA52 /* VerifyYourselfViewController.swift */ = {isa = PBXFileReference; lastKnownFileType = sourcecode.swift; path = VerifyYourselfViewController.swift; sourceTree = "<group>"; };
		526233D9292602A8002D5C24 /* ChatPageStoryboard.storyboard */ = {isa = PBXFileReference; lastKnownFileType = file.storyboard; path = ChatPageStoryboard.storyboard; sourceTree = "<group>"; };
		526233DC292602E0002D5C24 /* ChatPageViewController.swift */ = {isa = PBXFileReference; lastKnownFileType = sourcecode.swift; path = ChatPageViewController.swift; sourceTree = "<group>"; };
		526233DF29260A65002D5C24 /* CellForChats.swift */ = {isa = PBXFileReference; lastKnownFileType = sourcecode.swift; path = CellForChats.swift; sourceTree = "<group>"; };
		526233E029260A65002D5C24 /* CellForChats.xib */ = {isa = PBXFileReference; lastKnownFileType = file.xib; path = CellForChats.xib; sourceTree = "<group>"; };
		526233E329260CBB002D5C24 /* ModelForChats.swift */ = {isa = PBXFileReference; lastKnownFileType = sourcecode.swift; path = ModelForChats.swift; sourceTree = "<group>"; };
		526E3D1B2923A5740009CC77 /* Assets.xcassets */ = {isa = PBXFileReference; lastKnownFileType = folder.assetcatalog; name = Assets.xcassets; path = ../Delegate/Assets.xcassets; sourceTree = "<group>"; };
		526E3D1E2923ACE80009CC77 /* MainStoryboard.storyboard */ = {isa = PBXFileReference; lastKnownFileType = file.storyboard; path = MainStoryboard.storyboard; sourceTree = "<group>"; };
		526E3D202923AEFA0009CC77 /* MainTabBarController.swift */ = {isa = PBXFileReference; lastKnownFileType = sourcecode.swift; path = MainTabBarController.swift; sourceTree = "<group>"; };
		526E3D272923B3980009CC77 /* CellForMessagesPage.swift */ = {isa = PBXFileReference; lastKnownFileType = sourcecode.swift; path = CellForMessagesPage.swift; sourceTree = "<group>"; };
		526E3D282923B3980009CC77 /* CellForMessagesPage.xib */ = {isa = PBXFileReference; lastKnownFileType = file.xib; path = CellForMessagesPage.xib; sourceTree = "<group>"; };
		526E3D2B2923B8B30009CC77 /* ModelForMessages.swift */ = {isa = PBXFileReference; lastKnownFileType = sourcecode.swift; path = ModelForMessages.swift; sourceTree = "<group>"; };
		526E3D2D2923BB320009CC77 /* MessagesPageViewController.swift */ = {isa = PBXFileReference; lastKnownFileType = sourcecode.swift; path = MessagesPageViewController.swift; sourceTree = "<group>"; };
/* End PBXFileReference section */

/* Begin PBXFrameworksBuildPhase section */
		52486D8D2923890B0062AA52 /* Frameworks */ = {
			isa = PBXFrameworksBuildPhase;
			buildActionMask = 2147483647;
			files = (
			);
			runOnlyForDeploymentPostprocessing = 0;
		};
/* End PBXFrameworksBuildPhase section */

/* Begin PBXGroup section */
		520131F32924A4DB000A09CE /* StatusPage */ = {
			isa = PBXGroup;
			children = (
				520131F62924A4F6000A09CE /* Model */,
				520131F52924A4F2000A09CE /* View */,
				520131F42924A4EE000A09CE /* Controller */,
			);
			path = StatusPage;
			sourceTree = "<group>";
		};
		520131F42924A4EE000A09CE /* Controller */ = {
			isa = PBXGroup;
			children = (
				520131F72924A508000A09CE /* StatusPageViewController.swift */,
			);
			path = Controller;
			sourceTree = "<group>";
		};
		520131F52924A4F2000A09CE /* View */ = {
			isa = PBXGroup;
			children = (
				520132042924D85F000A09CE /* DashLineView */,
				520131F92924A572000A09CE /* CellForStatusPage.swift */,
				520131FA2924A572000A09CE /* CellForStatusPage.xib */,
			);
			path = View;
			sourceTree = "<group>";
		};
		520131F62924A4F6000A09CE /* Model */ = {
			isa = PBXGroup;
			children = (
				520131FE2924A7D3000A09CE /* ModelForStatusPage.swift */,
			);
			path = Model;
			sourceTree = "<group>";
		};
		520132042924D85F000A09CE /* DashLineView */ = {
			isa = PBXGroup;
			children = (
				520132052924D887000A09CE /* DashCornerView.swift */,
			);
			path = DashLineView;
			sourceTree = "<group>";
		};
		520132072924E18B000A09CE /* SettingsPage */ = {
			isa = PBXGroup;
			children = (
				520132092924E19E000A09CE /* Model */,
				5201320A2924E1A2000A09CE /* View */,
				520132082924E198000A09CE /* Controller */,
			);
			path = SettingsPage;
			sourceTree = "<group>";
		};
		520132082924E198000A09CE /* Controller */ = {
			isa = PBXGroup;
			children = (
				5201320B2924E1B5000A09CE /* SettingsPageViewController.swift */,
			);
			path = Controller;
			sourceTree = "<group>";
		};
		520132092924E19E000A09CE /* Model */ = {
			isa = PBXGroup;
			children = (
				520132112924E38A000A09CE /* ModelForSettingsPage.swift */,
			);
			path = Model;
			sourceTree = "<group>";
		};
		5201320A2924E1A2000A09CE /* View */ = {
			isa = PBXGroup;
			children = (
				5201320D2924E213000A09CE /* CellForSettingsPage.swift */,
				5201320E2924E213000A09CE /* CellForSettingsPage.xib */,
			);
			path = View;
			sourceTree = "<group>";
		};
		520132132924E7DF000A09CE /* CallsPage */ = {
			isa = PBXGroup;
			children = (
				520132162924E7FB000A09CE /* Model */,
				520132152924E7F4000A09CE /* View */,
				520132142924E7EF000A09CE /* Controller */,
			);
			path = CallsPage;
			sourceTree = "<group>";
		};
		520132142924E7EF000A09CE /* Controller */ = {
			isa = PBXGroup;
			children = (
				520132182924E813000A09CE /* CallsPageViewController.swift */,
			);
			path = Controller;
			sourceTree = "<group>";
		};
		520132152924E7F4000A09CE /* View */ = {
			isa = PBXGroup;
			children = (
				5201321A2924E869000A09CE /* CellForCallsPage.swift */,
				5201321B2924E869000A09CE /* CellForCallsPage.xib */,
			);
			path = View;
			sourceTree = "<group>";
		};
		520132162924E7FB000A09CE /* Model */ = {
			isa = PBXGroup;
			children = (
				5201321E2924EB64000A09CE /* ModelForCallsPage.swift */,
			);
			path = Model;
			sourceTree = "<group>";
		};
		520132202924F9F2000A09CE /* SubViews */ = {
			isa = PBXGroup;
			children = (
				526233DB292602BD002D5C24 /* ChatPage */,
				520132212924F9FD000A09CE /* SearchPage */,
			);
			path = SubViews;
			sourceTree = "<group>";
		};
		520132212924F9FD000A09CE /* SearchPage */ = {
			isa = PBXGroup;
			children = (
				520132242924FB1A000A09CE /* Model */,
				520132262924FB25000A09CE /* View */,
				520132252924FB1F000A09CE /* Controller */,
			);
			path = SearchPage;
			sourceTree = "<group>";
		};
		520132242924FB1A000A09CE /* Model */ = {
			isa = PBXGroup;
			children = (
				5201322C2924FCD3000A09CE /* ModelForSearchContact.swift */,
			);
			path = Model;
			sourceTree = "<group>";
		};
		520132252924FB1F000A09CE /* Controller */ = {
			isa = PBXGroup;
			children = (
				520132222924FA16000A09CE /* SearchContactViewController.swift */,
			);
			path = Controller;
			sourceTree = "<group>";
		};
		520132262924FB25000A09CE /* View */ = {
			isa = PBXGroup;
			children = (
				520132282924FB4A000A09CE /* CellForSearchContact.swift */,
				520132292924FB4A000A09CE /* CellForSearchContact.xib */,
			);
			path = View;
			sourceTree = "<group>";
		};
		52486D872923890B0062AA52 = {
			isa = PBXGroup;
			children = (
				52486D922923890B0062AA52 /* Plato */,
				52486D912923890B0062AA52 /* Products */,
			);
			sourceTree = "<group>";
		};
		52486D912923890B0062AA52 /* Products */ = {
			isa = PBXGroup;
			children = (
				52486D902923890B0062AA52 /* Plato.app */,
			);
			name = Products;
			sourceTree = "<group>";
		};
		52486D922923890B0062AA52 /* Plato */ = {
			isa = PBXGroup;
			children = (
				52486DA7292389420062AA52 /* Additional */,
				52486DAF292389B50062AA52 /* Constant */,
				52486DBA2923918F0062AA52 /* CustomViews */,
				52486DB0292389BF0062AA52 /* Pages */,
				52486DA12923890C0062AA52 /* Info.plist */,
			);
			path = Plato;
			sourceTree = "<group>";
		};
		52486DA7292389420062AA52 /* Additional */ = {
			isa = PBXGroup;
			children = (
				52486DB929238BB40062AA52 /* Assets */,
				52486DB829238BA30062AA52 /* Delegate */,
				52486DA8292389520062AA52 /* Fonts */,
			);
			path = Additional;
			sourceTree = "<group>";
		};
		52486DA8292389520062AA52 /* Fonts */ = {
			isa = PBXGroup;
			children = (
				52486DAA292389780062AA52 /* Poppins-Medium.ttf */,
				52486DAB292389780062AA52 /* Poppins-Regular.ttf */,
				52486DA9292389780062AA52 /* Poppins-SemiBold.ttf */,
			);
			path = Fonts;
			sourceTree = "<group>";
		};
		52486DAF292389B50062AA52 /* Constant */ = {
			isa = PBXGroup;
			children = (
				52486DB629238A220062AA52 /* Constants.swift */,
			);
			path = Constant;
			sourceTree = "<group>";
		};
		52486DB0292389BF0062AA52 /* Pages */ = {
			isa = PBXGroup;
			children = (
				52486DB1292389C70062AA52 /* SplashPage */,
				526E3D1D2923ACD20009CC77 /* MainPages */,
			);
			path = Pages;
			sourceTree = "<group>";
		};
		52486DB1292389C70062AA52 /* SplashPage */ = {
			isa = PBXGroup;
			children = (
				52486D9E2923890C0062AA52 /* LaunchScreen.storyboard */,
				52486DB2292389E80062AA52 /* IntroductoryPage */,
				52486DBD292393ED0062AA52 /* RegistrationPage */,
			);
			path = SplashPage;
			sourceTree = "<group>";
		};
		52486DB2292389E80062AA52 /* IntroductoryPage */ = {
			isa = PBXGroup;
			children = (
				52486DB529238A060062AA52 /* Model */,
				52486DB429238A010062AA52 /* View */,
				52486DB3292389FA0062AA52 /* Controller */,
			);
			path = IntroductoryPage;
			sourceTree = "<group>";
		};
		52486DB3292389FA0062AA52 /* Controller */ = {
			isa = PBXGroup;
			children = (
				52486D972923890B0062AA52 /* ViewController.swift */,
			);
			path = Controller;
			sourceTree = "<group>";
		};
		52486DB429238A010062AA52 /* View */ = {
			isa = PBXGroup;
			children = (
				52486D992923890B0062AA52 /* Main.storyboard */,
			);
			path = View;
			sourceTree = "<group>";
		};
		52486DB529238A060062AA52 /* Model */ = {
			isa = PBXGroup;
			children = (
			);
			path = Model;
			sourceTree = "<group>";
		};
		52486DB829238BA30062AA52 /* Delegate */ = {
			isa = PBXGroup;
			children = (
				52486D932923890B0062AA52 /* AppDelegate.swift */,
				52486D952923890B0062AA52 /* SceneDelegate.swift */,
			);
			path = Delegate;
			sourceTree = "<group>";
		};
		52486DB929238BB40062AA52 /* Assets */ = {
			isa = PBXGroup;
			children = (
				526E3D1B2923A5740009CC77 /* Assets.xcassets */,
			);
			path = Assets;
			sourceTree = "<group>";
		};
		52486DBA2923918F0062AA52 /* CustomViews */ = {
			isa = PBXGroup;
			children = (
				52486DBB292391D30062AA52 /* CustomButton.swift */,
				52486DC3292395E50062AA52 /* CustomView.swift */,
				52486DC5292398460062AA52 /* CustomTextField.swift */,
			);
			path = CustomViews;
			sourceTree = "<group>";
		};
		52486DBD292393ED0062AA52 /* RegistrationPage */ = {
			isa = PBXGroup;
			children = (
				52486DBE292394280062AA52 /* RegistrationStoryboard.storyboard */,
				52486DC02923947F0062AA52 /* PhoneVarificationPage */,
				52486DC729239FD70062AA52 /* VerifyPage */,
			);
			path = RegistrationPage;
			sourceTree = "<group>";
		};
		52486DC02923947F0062AA52 /* PhoneVarificationPage */ = {
			isa = PBXGroup;
			children = (
				52486DC1292394A30062AA52 /* PhoneVerificationViewController.swift */,
			);
			path = PhoneVarificationPage;
			sourceTree = "<group>";
		};
		52486DC729239FD70062AA52 /* VerifyPage */ = {
			isa = PBXGroup;
			children = (
				52486DC82923A0090062AA52 /* VerifyYourselfViewController.swift */,
			);
			path = VerifyPage;
			sourceTree = "<group>";
		};
		526233D62926027E002D5C24 /* Controller */ = {
			isa = PBXGroup;
			children = (
				526233DC292602E0002D5C24 /* ChatPageViewController.swift */,
			);
			path = Controller;
			sourceTree = "<group>";
		};
		526233D729260282002D5C24 /* View */ = {
			isa = PBXGroup;
			children = (
				526233DE29260A49002D5C24 /* Cell */,
				526233D9292602A8002D5C24 /* ChatPageStoryboard.storyboard */,
			);
			path = View;
			sourceTree = "<group>";
		};
		526233D829260286002D5C24 /* Model */ = {
			isa = PBXGroup;
			children = (
				526233E329260CBB002D5C24 /* ModelForChats.swift */,
			);
			path = Model;
			sourceTree = "<group>";
		};
		526233DB292602BD002D5C24 /* ChatPage */ = {
			isa = PBXGroup;
			children = (
				526233D829260286002D5C24 /* Model */,
				526233D729260282002D5C24 /* View */,
				526233D62926027E002D5C24 /* Controller */,
			);
			path = ChatPage;
			sourceTree = "<group>";
		};
		526233DE29260A49002D5C24 /* Cell */ = {
			isa = PBXGroup;
			children = (
				526233DF29260A65002D5C24 /* CellForChats.swift */,
				526233E029260A65002D5C24 /* CellForChats.xib */,
			);
			path = Cell;
			sourceTree = "<group>";
		};
		526E3D1D2923ACD20009CC77 /* MainPages */ = {
			isa = PBXGroup;
			children = (
				526E3D232923B3660009CC77 /* MainTabBar */,
				520131F32924A4DB000A09CE /* StatusPage */,
				526E3D222923B35C0009CC77 /* MessagesPage */,
				520132132924E7DF000A09CE /* CallsPage */,
				520132072924E18B000A09CE /* SettingsPage */,
			);
			path = MainPages;
			sourceTree = "<group>";
		};
		526E3D222923B35C0009CC77 /* MessagesPage */ = {
			isa = PBXGroup;
			children = (
				526E3D262923B37F0009CC77 /* Model */,
				526E3D252923B37B0009CC77 /* View */,
				526E3D242923B3740009CC77 /* Controller */,
				520132202924F9F2000A09CE /* SubViews */,
			);
			path = MessagesPage;
			sourceTree = "<group>";
		};
		526E3D232923B3660009CC77 /* MainTabBar */ = {
			isa = PBXGroup;
			children = (
				526E3D1E2923ACE80009CC77 /* MainStoryboard.storyboard */,
				526E3D202923AEFA0009CC77 /* MainTabBarController.swift */,
			);
			path = MainTabBar;
			sourceTree = "<group>";
		};
		526E3D242923B3740009CC77 /* Controller */ = {
			isa = PBXGroup;
			children = (
				526E3D2D2923BB320009CC77 /* MessagesPageViewController.swift */,
			);
			path = Controller;
			sourceTree = "<group>";
		};
		526E3D252923B37B0009CC77 /* View */ = {
			isa = PBXGroup;
			children = (
				526E3D272923B3980009CC77 /* CellForMessagesPage.swift */,
				526E3D282923B3980009CC77 /* CellForMessagesPage.xib */,
			);
			path = View;
			sourceTree = "<group>";
		};
		526E3D262923B37F0009CC77 /* Model */ = {
			isa = PBXGroup;
			children = (
				526E3D2B2923B8B30009CC77 /* ModelForMessages.swift */,
			);
			path = Model;
			sourceTree = "<group>";
		};
/* End PBXGroup section */

/* Begin PBXNativeTarget section */
		52486D8F2923890B0062AA52 /* Plato */ = {
			isa = PBXNativeTarget;
			buildConfigurationList = 52486DA42923890C0062AA52 /* Build configuration list for PBXNativeTarget "Plato" */;
			buildPhases = (
				52486D8C2923890B0062AA52 /* Sources */,
				52486D8D2923890B0062AA52 /* Frameworks */,
				52486D8E2923890B0062AA52 /* Resources */,
			);
			buildRules = (
			);
			dependencies = (
			);
			name = Plato;
			productName = Plato;
			productReference = 52486D902923890B0062AA52 /* Plato.app */;
			productType = "com.apple.product-type.application";
		};
/* End PBXNativeTarget section */

/* Begin PBXProject section */
		52486D882923890B0062AA52 /* Project object */ = {
			isa = PBXProject;
			attributes = {
				BuildIndependentTargetsInParallel = 1;
				LastSwiftUpdateCheck = 1340;
				LastUpgradeCheck = 1340;
				TargetAttributes = {
					52486D8F2923890B0062AA52 = {
						CreatedOnToolsVersion = 13.4.1;
					};
				};
			};
			buildConfigurationList = 52486D8B2923890B0062AA52 /* Build configuration list for PBXProject "Plato" */;
			compatibilityVersion = "Xcode 13.0";
			developmentRegion = en;
			hasScannedForEncodings = 0;
			knownRegions = (
				en,
				Base,
			);
			mainGroup = 52486D872923890B0062AA52;
			productRefGroup = 52486D912923890B0062AA52 /* Products */;
			projectDirPath = "";
			projectRoot = "";
			targets = (
				52486D8F2923890B0062AA52 /* Plato */,
			);
		};
/* End PBXProject section */

/* Begin PBXResourcesBuildPhase section */
		52486D8E2923890B0062AA52 /* Resources */ = {
			isa = PBXResourcesBuildPhase;
			buildActionMask = 2147483647;
			files = (
				52486DBF292394280062AA52 /* RegistrationStoryboard.storyboard in Resources */,
				52486DA02923890C0062AA52 /* LaunchScreen.storyboard in Resources */,
				520131FC2924A572000A09CE /* CellForStatusPage.xib in Resources */,
				52486DAC292389780062AA52 /* Poppins-SemiBold.ttf in Resources */,
				5201322B2924FB4A000A09CE /* CellForSearchContact.xib in Resources */,
				52486DAE292389780062AA52 /* Poppins-Regular.ttf in Resources */,
				526E3D1C2923A5740009CC77 /* Assets.xcassets in Resources */,
				52486D9B2923890B0062AA52 /* Main.storyboard in Resources */,
				526233E229260A65002D5C24 /* CellForChats.xib in Resources */,
				526E3D1F2923ACE80009CC77 /* MainStoryboard.storyboard in Resources */,
				5201321D2924E869000A09CE /* CellForCallsPage.xib in Resources */,
				52486DAD292389780062AA52 /* Poppins-Medium.ttf in Resources */,
				526E3D2A2923B3980009CC77 /* CellForMessagesPage.xib in Resources */,
				526233DA292602A8002D5C24 /* ChatPageStoryboard.storyboard in Resources */,
				520132102924E213000A09CE /* CellForSettingsPage.xib in Resources */,
			);
			runOnlyForDeploymentPostprocessing = 0;
		};
/* End PBXResourcesBuildPhase section */

/* Begin PBXSourcesBuildPhase section */
		52486D8C2923890B0062AA52 /* Sources */ = {
			isa = PBXSourcesBuildPhase;
			buildActionMask = 2147483647;
			files = (
				52486D982923890B0062AA52 /* ViewController.swift in Sources */,
				520131FB2924A572000A09CE /* CellForStatusPage.swift in Sources */,
				52486D942923890B0062AA52 /* AppDelegate.swift in Sources */,
				526233E129260A65002D5C24 /* CellForChats.swift in Sources */,
				5201322A2924FB4A000A09CE /* CellForSearchContact.swift in Sources */,
				520132122924E38A000A09CE /* ModelForSettingsPage.swift in Sources */,
				526E3D212923AEFA0009CC77 /* MainTabBarController.swift in Sources */,
				526E3D2E2923BB320009CC77 /* MessagesPageViewController.swift in Sources */,
				52486D962923890B0062AA52 /* SceneDelegate.swift in Sources */,
				520132232924FA16000A09CE /* SearchContactViewController.swift in Sources */,
				52486DC4292395E50062AA52 /* CustomView.swift in Sources */,
				5201321F2924EB64000A09CE /* ModelForCallsPage.swift in Sources */,
				52486DC6292398460062AA52 /* CustomTextField.swift in Sources */,
				52486DB729238A220062AA52 /* Constants.swift in Sources */,
				526233DD292602E0002D5C24 /* ChatPageViewController.swift in Sources */,
				526233E429260CBB002D5C24 /* ModelForChats.swift in Sources */,
				520132062924D887000A09CE /* DashCornerView.swift in Sources */,
				52486DC92923A0090062AA52 /* VerifyYourselfViewController.swift in Sources */,
				5201321C2924E869000A09CE /* CellForCallsPage.swift in Sources */,
				520131F82924A508000A09CE /* StatusPageViewController.swift in Sources */,
				52486DC2292394A30062AA52 /* PhoneVerificationViewController.swift in Sources */,
				520131FF2924A7D3000A09CE /* ModelForStatusPage.swift in Sources */,
				5201320C2924E1B5000A09CE /* SettingsPageViewController.swift in Sources */,
				5201322D2924FCD3000A09CE /* ModelForSearchContact.swift in Sources */,
				526E3D2C2923B8B30009CC77 /* ModelForMessages.swift in Sources */,
				526E3D292923B3980009CC77 /* CellForMessagesPage.swift in Sources */,
				52486DBC292391D30062AA52 /* CustomButton.swift in Sources */,
				5201320F2924E213000A09CE /* CellForSettingsPage.swift in Sources */,
				520132192924E813000A09CE /* CallsPageViewController.swift in Sources */,
			);
			runOnlyForDeploymentPostprocessing = 0;
		};
/* End PBXSourcesBuildPhase section */

/* Begin PBXVariantGroup section */
		52486D992923890B0062AA52 /* Main.storyboard */ = {
			isa = PBXVariantGroup;
			children = (
				52486D9A2923890B0062AA52 /* Base */,
			);
			name = Main.storyboard;
			sourceTree = "<group>";
		};
		52486D9E2923890C0062AA52 /* LaunchScreen.storyboard */ = {
			isa = PBXVariantGroup;
			children = (
				52486D9F2923890C0062AA52 /* Base */,
			);
			name = LaunchScreen.storyboard;
			sourceTree = "<group>";
		};
/* End PBXVariantGroup section */

/* Begin XCBuildConfiguration section */
		52486DA22923890C0062AA52 /* Debug */ = {
			isa = XCBuildConfiguration;
			buildSettings = {
				ALWAYS_SEARCH_USER_PATHS = NO;
				CLANG_ANALYZER_NONNULL = YES;
				CLANG_ANALYZER_NUMBER_OBJECT_CONVERSION = YES_AGGRESSIVE;
				CLANG_CXX_LANGUAGE_STANDARD = "gnu++17";
				CLANG_ENABLE_MODULES = YES;
				CLANG_ENABLE_OBJC_ARC = YES;
				CLANG_ENABLE_OBJC_WEAK = YES;
				CLANG_WARN_BLOCK_CAPTURE_AUTORELEASING = YES;
				CLANG_WARN_BOOL_CONVERSION = YES;
				CLANG_WARN_COMMA = YES;
				CLANG_WARN_CONSTANT_CONVERSION = YES;
				CLANG_WARN_DEPRECATED_OBJC_IMPLEMENTATIONS = YES;
				CLANG_WARN_DIRECT_OBJC_ISA_USAGE = YES_ERROR;
				CLANG_WARN_DOCUMENTATION_COMMENTS = YES;
				CLANG_WARN_EMPTY_BODY = YES;
				CLANG_WARN_ENUM_CONVERSION = YES;
				CLANG_WARN_INFINITE_RECURSION = YES;
				CLANG_WARN_INT_CONVERSION = YES;
				CLANG_WARN_NON_LITERAL_NULL_CONVERSION = YES;
				CLANG_WARN_OBJC_IMPLICIT_RETAIN_SELF = YES;
				CLANG_WARN_OBJC_LITERAL_CONVERSION = YES;
				CLANG_WARN_OBJC_ROOT_CLASS = YES_ERROR;
				CLANG_WARN_QUOTED_INCLUDE_IN_FRAMEWORK_HEADER = YES;
				CLANG_WARN_RANGE_LOOP_ANALYSIS = YES;
				CLANG_WARN_STRICT_PROTOTYPES = YES;
				CLANG_WARN_SUSPICIOUS_MOVE = YES;
				CLANG_WARN_UNGUARDED_AVAILABILITY = YES_AGGRESSIVE;
				CLANG_WARN_UNREACHABLE_CODE = YES;
				CLANG_WARN__DUPLICATE_METHOD_MATCH = YES;
				COPY_PHASE_STRIP = NO;
				DEBUG_INFORMATION_FORMAT = dwarf;
				ENABLE_STRICT_OBJC_MSGSEND = YES;
				ENABLE_TESTABILITY = YES;
				GCC_C_LANGUAGE_STANDARD = gnu11;
				GCC_DYNAMIC_NO_PIC = NO;
				GCC_NO_COMMON_BLOCKS = YES;
				GCC_OPTIMIZATION_LEVEL = 0;
				GCC_PREPROCESSOR_DEFINITIONS = (
					"DEBUG=1",
					"$(inherited)",
				);
				GCC_WARN_64_TO_32_BIT_CONVERSION = YES;
				GCC_WARN_ABOUT_RETURN_TYPE = YES_ERROR;
				GCC_WARN_UNDECLARED_SELECTOR = YES;
				GCC_WARN_UNINITIALIZED_AUTOS = YES_AGGRESSIVE;
				GCC_WARN_UNUSED_FUNCTION = YES;
				GCC_WARN_UNUSED_VARIABLE = YES;
				IPHONEOS_DEPLOYMENT_TARGET = 15.5;
				MTL_ENABLE_DEBUG_INFO = INCLUDE_SOURCE;
				MTL_FAST_MATH = YES;
				ONLY_ACTIVE_ARCH = YES;
				SDKROOT = iphoneos;
				SWIFT_ACTIVE_COMPILATION_CONDITIONS = DEBUG;
				SWIFT_OPTIMIZATION_LEVEL = "-Onone";
			};
			name = Debug;
		};
		52486DA32923890C0062AA52 /* Release */ = {
			isa = XCBuildConfiguration;
			buildSettings = {
				ALWAYS_SEARCH_USER_PATHS = NO;
				CLANG_ANALYZER_NONNULL = YES;
				CLANG_ANALYZER_NUMBER_OBJECT_CONVERSION = YES_AGGRESSIVE;
				CLANG_CXX_LANGUAGE_STANDARD = "gnu++17";
				CLANG_ENABLE_MODULES = YES;
				CLANG_ENABLE_OBJC_ARC = YES;
				CLANG_ENABLE_OBJC_WEAK = YES;
				CLANG_WARN_BLOCK_CAPTURE_AUTORELEASING = YES;
				CLANG_WARN_BOOL_CONVERSION = YES;
				CLANG_WARN_COMMA = YES;
				CLANG_WARN_CONSTANT_CONVERSION = YES;
				CLANG_WARN_DEPRECATED_OBJC_IMPLEMENTATIONS = YES;
				CLANG_WARN_DIRECT_OBJC_ISA_USAGE = YES_ERROR;
				CLANG_WARN_DOCUMENTATION_COMMENTS = YES;
				CLANG_WARN_EMPTY_BODY = YES;
				CLANG_WARN_ENUM_CONVERSION = YES;
				CLANG_WARN_INFINITE_RECURSION = YES;
				CLANG_WARN_INT_CONVERSION = YES;
				CLANG_WARN_NON_LITERAL_NULL_CONVERSION = YES;
				CLANG_WARN_OBJC_IMPLICIT_RETAIN_SELF = YES;
				CLANG_WARN_OBJC_LITERAL_CONVERSION = YES;
				CLANG_WARN_OBJC_ROOT_CLASS = YES_ERROR;
				CLANG_WARN_QUOTED_INCLUDE_IN_FRAMEWORK_HEADER = YES;
				CLANG_WARN_RANGE_LOOP_ANALYSIS = YES;
				CLANG_WARN_STRICT_PROTOTYPES = YES;
				CLANG_WARN_SUSPICIOUS_MOVE = YES;
				CLANG_WARN_UNGUARDED_AVAILABILITY = YES_AGGRESSIVE;
				CLANG_WARN_UNREACHABLE_CODE = YES;
				CLANG_WARN__DUPLICATE_METHOD_MATCH = YES;
				COPY_PHASE_STRIP = NO;
				DEBUG_INFORMATION_FORMAT = "dwarf-with-dsym";
				ENABLE_NS_ASSERTIONS = NO;
				ENABLE_STRICT_OBJC_MSGSEND = YES;
				GCC_C_LANGUAGE_STANDARD = gnu11;
				GCC_NO_COMMON_BLOCKS = YES;
				GCC_WARN_64_TO_32_BIT_CONVERSION = YES;
				GCC_WARN_ABOUT_RETURN_TYPE = YES_ERROR;
				GCC_WARN_UNDECLARED_SELECTOR = YES;
				GCC_WARN_UNINITIALIZED_AUTOS = YES_AGGRESSIVE;
				GCC_WARN_UNUSED_FUNCTION = YES;
				GCC_WARN_UNUSED_VARIABLE = YES;
				IPHONEOS_DEPLOYMENT_TARGET = 15.5;
				MTL_ENABLE_DEBUG_INFO = NO;
				MTL_FAST_MATH = YES;
				SDKROOT = iphoneos;
				SWIFT_COMPILATION_MODE = wholemodule;
				SWIFT_OPTIMIZATION_LEVEL = "-O";
				VALIDATE_PRODUCT = YES;
			};
			name = Release;
		};
		52486DA52923890C0062AA52 /* Debug */ = {
			isa = XCBuildConfiguration;
			buildSettings = {
				ASSETCATALOG_COMPILER_APPICON_NAME = AppIcon;
				ASSETCATALOG_COMPILER_GLOBAL_ACCENT_COLOR_NAME = AccentColor;
				CODE_SIGN_STYLE = Automatic;
				CURRENT_PROJECT_VERSION = 1;
				DEVELOPMENT_TEAM = KFSUX4TS86;
				GENERATE_INFOPLIST_FILE = YES;
				INFOPLIST_FILE = Plato/Info.plist;
				INFOPLIST_KEY_UIApplicationSupportsIndirectInputEvents = YES;
				INFOPLIST_KEY_UILaunchStoryboardName = LaunchScreen;
				INFOPLIST_KEY_UIMainStoryboardFile = Main;
				INFOPLIST_KEY_UISupportedInterfaceOrientations_iPad = "UIInterfaceOrientationPortrait UIInterfaceOrientationPortraitUpsideDown UIInterfaceOrientationLandscapeLeft UIInterfaceOrientationLandscapeRight";
				INFOPLIST_KEY_UISupportedInterfaceOrientations_iPhone = "UIInterfaceOrientationPortrait UIInterfaceOrientationLandscapeLeft UIInterfaceOrientationLandscapeRight";
				LD_RUNPATH_SEARCH_PATHS = (
					"$(inherited)",
					"@executable_path/Frameworks",
				);
				MARKETING_VERSION = 1.0;
				PRODUCT_BUNDLE_IDENTIFIER = Apptix.Plato;
				PRODUCT_NAME = "$(TARGET_NAME)";
				SWIFT_EMIT_LOC_STRINGS = YES;
				SWIFT_VERSION = 5.0;
				TARGETED_DEVICE_FAMILY = "1,2";
			};
			name = Debug;
		};
		52486DA62923890C0062AA52 /* Release */ = {
			isa = XCBuildConfiguration;
			buildSettings = {
				ASSETCATALOG_COMPILER_APPICON_NAME = AppIcon;
				ASSETCATALOG_COMPILER_GLOBAL_ACCENT_COLOR_NAME = AccentColor;
				CODE_SIGN_STYLE = Automatic;
				CURRENT_PROJECT_VERSION = 1;
				DEVELOPMENT_TEAM = KFSUX4TS86;
				GENERATE_INFOPLIST_FILE = YES;
				INFOPLIST_FILE = Plato/Info.plist;
				INFOPLIST_KEY_UIApplicationSupportsIndirectInputEvents = YES;
				INFOPLIST_KEY_UILaunchStoryboardName = LaunchScreen;
				INFOPLIST_KEY_UIMainStoryboardFile = Main;
				INFOPLIST_KEY_UISupportedInterfaceOrientations_iPad = "UIInterfaceOrientationPortrait UIInterfaceOrientationPortraitUpsideDown UIInterfaceOrientationLandscapeLeft UIInterfaceOrientationLandscapeRight";
				INFOPLIST_KEY_UISupportedInterfaceOrientations_iPhone = "UIInterfaceOrientationPortrait UIInterfaceOrientationLandscapeLeft UIInterfaceOrientationLandscapeRight";
				LD_RUNPATH_SEARCH_PATHS = (
					"$(inherited)",
					"@executable_path/Frameworks",
				);
				MARKETING_VERSION = 1.0;
				PRODUCT_BUNDLE_IDENTIFIER = Apptix.Plato;
				PRODUCT_NAME = "$(TARGET_NAME)";
				SWIFT_EMIT_LOC_STRINGS = YES;
				SWIFT_VERSION = 5.0;
				TARGETED_DEVICE_FAMILY = "1,2";
			};
			name = Release;
		};
/* End XCBuildConfiguration section */

/* Begin XCConfigurationList section */
		52486D8B2923890B0062AA52 /* Build configuration list for PBXProject "Plato" */ = {
			isa = XCConfigurationList;
			buildConfigurations = (
				52486DA22923890C0062AA52 /* Debug */,
				52486DA32923890C0062AA52 /* Release */,
			);
			defaultConfigurationIsVisible = 0;
			defaultConfigurationName = Release;
		};
		52486DA42923890C0062AA52 /* Build configuration list for PBXNativeTarget "Plato" */ = {
			isa = XCConfigurationList;
			buildConfigurations = (
				52486DA52923890C0062AA52 /* Debug */,
				52486DA62923890C0062AA52 /* Release */,
			);
			defaultConfigurationIsVisible = 0;
			defaultConfigurationName = Release;
		};
/* End XCConfigurationList section */
	};
	rootObject = 52486D882923890B0062AA52 /* Project object */;
}
